{
    "name": "syntetic-scripting",
    "version": "1.0.0",
    "lockfileVersion": 2,
    "requires": true,
    "packages": {
        "": {
            "name": "syntetic-scripting",
            "version": "1.0.0",
            "license": "ISC",
            "dependencies": {
                "@menadevs/objectron": "^0.1.14",
                "crypto": "^1.0.1",
                "dotenv": "^16.0.1",
                "jszip": "^3.10.1",
                "logzio-nodejs": "^2.1.4",
                "moment": "^2.29.4",
                "node-uuid": "^1.4.8",
                "playwright-aws-lambda": "^0.9.0",
                "playwright-core": "^1.30.0",
                "playwright-har": "^0.1.1"
            },
            "devDependencies": {
                "playwright": "^1.30.0"
            }
        },
        "node_modules/@menadevs/objectron": {
            "version": "0.1.14",
            "resolved": "https://registry.npmjs.org/@menadevs/objectron/-/objectron-0.1.14.tgz",
            "integrity": "sha512-zgi0DJtaxNjiWZjWxOTidwiRrOL0ZTniNekmllPzfR62WaIj446yBdheUnYMs3cH4Ow0om+cOY5cxXb7WbZe7Q=="
        },
        "node_modules/asynckit": {
            "version": "0.4.0",
            "resolved": "https://registry.npmjs.org/asynckit/-/asynckit-0.4.0.tgz",
            "integrity": "sha512-Oei9OH4tRh0YqU3GxhX79dM/mwVgvbZJaSNaRk+bshkj0S5cfHcgYakreBjrHwatXKbz+IoIdYLxrKim2MjW0Q=="
        },
        "node_modules/axios": {
            "version": "0.27.2",
            "resolved": "https://registry.npmjs.org/axios/-/axios-0.27.2.tgz",
            "integrity": "sha512-t+yRIyySRTp/wua5xEr+z1q60QmLq8ABsS5O9Me1AsE5dfKqgnCFzwiCZZ/cGNd1lq4/7akDWMxdhVlucjmnOQ==",
            "dependencies": {
                "follow-redirects": "^1.14.9",
                "form-data": "^4.0.0"
            }
        },
        "node_modules/chrome-har": {
            "version": "0.11.12",
            "resolved": "https://registry.npmjs.org/chrome-har/-/chrome-har-0.11.12.tgz",
            "integrity": "sha512-Fi/YCoUHjQMQC0sPKCdiuGVbApeEwIUNvISrlwZgbuUcxfHJA6MjD4RsIH/YSOAo/Z3ENiF+xaEpsdqqdETIjg==",
            "dependencies": {
                "dayjs": "1.8.31",
                "debug": "4.1.1",
                "tough-cookie": "4.0.0",
                "uuid": "8.0.0"
            }
        },
        "node_modules/combined-stream": {
            "version": "1.0.8",
            "resolved": "https://registry.npmjs.org/combined-stream/-/combined-stream-1.0.8.tgz",
            "integrity": "sha512-FQN4MRfuJeHf7cBbBMJFXhKSDq+2kAArBlmRBvcvFE5BB1HZKXtSFASDhdlz9zOYwxh8lDdnvmMOe/+5cdoEdg==",
            "dependencies": {
                "delayed-stream": "~1.0.0"
            },
            "engines": {
                "node": ">= 0.8"
            }
        },
        "node_modules/core-util-is": {
            "version": "1.0.3",
            "resolved": "https://registry.npmjs.org/core-util-is/-/core-util-is-1.0.3.tgz",
            "integrity": "sha512-ZQBvi1DcpJ4GDqanjucZ2Hj3wEO5pZDS89BWbkcrvdxksJorwUDDZamX9ldFkp9aw2lmBDLgkObEA4DWNJ9FYQ=="
        },
        "node_modules/crypto": {
            "version": "1.0.1",
            "resolved": "https://registry.npmjs.org/crypto/-/crypto-1.0.1.tgz",
            "integrity": "sha512-VxBKmeNcqQdiUQUW2Tzq0t377b54N2bMtXO/qiLa+6eRRmmC4qT3D4OnTGoT/U6O9aklQ/jTwbOtRMTTY8G0Ig==",
            "deprecated": "This package is no longer supported. It's now a built-in Node module. If you've depended on crypto, you should switch to the one that's built-in."
        },
        "node_modules/dayjs": {
            "version": "1.8.31",
            "resolved": "https://registry.npmjs.org/dayjs/-/dayjs-1.8.31.tgz",
            "integrity": "sha512-mPh1mslned+5PuIuiUfbw4CikHk6AEAf2Baxih+wP5fssv+wmlVhvgZ7mq+BhLt7Sr/Hc8leWDiwe6YnrpNt3g=="
        },
        "node_modules/debug": {
            "version": "4.1.1",
            "resolved": "https://registry.npmjs.org/debug/-/debug-4.1.1.tgz",
            "integrity": "sha512-pYAIzeRo8J6KPEaJ0VWOh5Pzkbw/RetuzehGM7QRRX5he4fPHx2rdKMB256ehJCkX+XRQm16eZLqLNS8RSZXZw==",
            "deprecated": "Debug versions >=3.2.0 <3.2.7 || >=4 <4.3.1 have a low-severity ReDos regression when used in a Node.js environment. It is recommended you upgrade to 3.2.7 or 4.3.1. (https://github.com/visionmedia/debug/issues/797)",
            "dependencies": {
                "ms": "^2.1.1"
            }
        },
        "node_modules/delayed-stream": {
            "version": "1.0.0",
            "resolved": "https://registry.npmjs.org/delayed-stream/-/delayed-stream-1.0.0.tgz",
            "integrity": "sha512-ZySD7Nf91aLB0RxL4KGrKHBXl7Eds1DAmEdcoVawXnLD7SDhpNgtuII2aAkg7a7QS41jxPSZ17p4VdGnMHk3MQ==",
            "engines": {
                "node": ">=0.4.0"
            }
        },
        "node_modules/dotenv": {
            "version": "16.0.3",
            "resolved": "https://registry.npmjs.org/dotenv/-/dotenv-16.0.3.tgz",
            "integrity": "sha512-7GO6HghkA5fYG9TYnNxi14/7K9f5occMlp3zXAuSxn7CKCxt9xbNWG7yF8hTCSUchlfWSe3uLmlPfigevRItzQ==",
            "engines": {
                "node": ">=12"
            }
        },
        "node_modules/follow-redirects": {
            "version": "1.15.2",
            "resolved": "https://registry.npmjs.org/follow-redirects/-/follow-redirects-1.15.2.tgz",
            "integrity": "sha512-VQLG33o04KaQ8uYi2tVNbdrWp1QWxNNea+nmIB4EVM28v0hmP17z7aG1+wAkNzVq4KeXTq3221ye5qTJP91JwA==",
            "funding": [
                {
                    "type": "individual",
                    "url": "https://github.com/sponsors/RubenVerborgh"
                }
            ],
            "engines": {
                "node": ">=4.0"
            },
            "peerDependenciesMeta": {
                "debug": {
                    "optional": true
                }
            }
        },
        "node_modules/form-data": {
            "version": "4.0.0",
            "resolved": "https://registry.npmjs.org/form-data/-/form-data-4.0.0.tgz",
            "integrity": "sha512-ETEklSGi5t0QMZuiXoA/Q6vcnxcLQP5vdugSpuAyi6SVGi2clPPp+xgEhuMaHC+zGgn31Kd235W35f7Hykkaww==",
            "dependencies": {
                "asynckit": "^0.4.0",
                "combined-stream": "^1.0.8",
                "mime-types": "^2.1.12"
            },
            "engines": {
                "node": ">= 6"
            }
        },
        "node_modules/immediate": {
            "version": "3.0.6",
            "resolved": "https://registry.npmjs.org/immediate/-/immediate-3.0.6.tgz",
            "integrity": "sha512-XXOFtyqDjNDAQxVfYxuF7g9Il/IbWmmlQg2MYKOH8ExIT1qg6xc4zyS3HaEEATgs1btfzxq15ciUiY7gjSXRGQ=="
        },
        "node_modules/inherits": {
            "version": "2.0.4",
            "resolved": "https://registry.npmjs.org/inherits/-/inherits-2.0.4.tgz",
            "integrity": "sha512-k/vGaX4/Yla3WzyMCvTQOXYeIHvqOKtnqBduzTHpzpQZzAskKMhZ2K+EnBiSM9zGSoIFeMpXKxa4dYeZIQqewQ=="
        },
        "node_modules/isarray": {
            "version": "1.0.0",
            "resolved": "https://registry.npmjs.org/isarray/-/isarray-1.0.0.tgz",
            "integrity": "sha512-VLghIWNM6ELQzo7zwmcg0NmTVyWKYjvIeM83yjp0wRDTmUnrM678fQbcKBo6n2CJEF0szoG//ytg+TKla89ALQ=="
        },
        "node_modules/json-stringify-safe": {
            "version": "5.0.1",
            "resolved": "https://registry.npmjs.org/json-stringify-safe/-/json-stringify-safe-5.0.1.tgz",
            "integrity": "sha512-ZClg6AaYvamvYEE82d3Iyd3vSSIjQ+odgjaTzRuO3s7toCdFKczob2i0zCh7JE8kWn17yvAWhUVxvqGwUalsRA=="
        },
        "node_modules/jszip": {
            "version": "3.10.1",
            "resolved": "https://registry.npmjs.org/jszip/-/jszip-3.10.1.tgz",
            "integrity": "sha512-xXDvecyTpGLrqFrvkrUSoxxfJI5AH7U8zxxtVclpsUtMCq4JQ290LY8AW5c7Ggnr/Y/oK+bQMbqK2qmtk3pN4g==",
            "dependencies": {
                "lie": "~3.3.0",
                "pako": "~1.0.2",
                "readable-stream": "~2.3.6",
                "setimmediate": "^1.0.5"
            }
        },
        "node_modules/lambdafs": {
            "version": "2.1.1",
            "resolved": "https://registry.npmjs.org/lambdafs/-/lambdafs-2.1.1.tgz",
            "integrity": "sha512-x5k8JcoJWkWLvCVBzrl4pzvkEHSgSBqFjg3Dpsc4AcTMq7oUMym4cL/gRTZ6VM4mUMY+M0dIbQ+V1c1tsqqanQ==",
            "bundleDependencies": [
                "tar-fs"
            ],
            "dependencies": {
                "tar-fs": "*"
            },
            "bin": {
                "lambdafs": "bin/brotli.js"
            },
            "engines": {
                "node": ">= 10.16"
            }
        },
        "node_modules/lambdafs/node_modules/base64-js": {
            "version": "1.5.1",
            "funding": [
                {
                    "type": "github",
                    "url": "https://github.com/sponsors/feross"
                },
                {
                    "type": "patreon",
                    "url": "https://www.patreon.com/feross"
                },
                {
                    "type": "consulting",
                    "url": "https://feross.org/support"
                }
            ],
            "inBundle": true,
            "license": "MIT"
        },
        "node_modules/lambdafs/node_modules/bl": {
            "version": "4.1.0",
            "inBundle": true,
            "license": "MIT",
            "dependencies": {
                "buffer": "^5.5.0",
                "inherits": "^2.0.4",
                "readable-stream": "^3.4.0"
            }
        },
        "node_modules/lambdafs/node_modules/bl/node_modules/readable-stream": {
            "version": "3.6.0",
            "inBundle": true,
            "license": "MIT",
            "dependencies": {
                "inherits": "^2.0.3",
                "string_decoder": "^1.1.1",
                "util-deprecate": "^1.0.1"
            },
            "engines": {
                "node": ">= 6"
            }
        },
        "node_modules/lambdafs/node_modules/buffer": {
            "version": "5.7.1",
            "funding": [
                {
                    "type": "github",
                    "url": "https://github.com/sponsors/feross"
                },
                {
                    "type": "patreon",
                    "url": "https://www.patreon.com/feross"
                },
                {
                    "type": "consulting",
                    "url": "https://feross.org/support"
                }
            ],
            "inBundle": true,
            "license": "MIT",
            "dependencies": {
                "base64-js": "^1.3.1",
                "ieee754": "^1.1.13"
            }
        },
        "node_modules/lambdafs/node_modules/chownr": {
            "version": "1.1.4",
            "inBundle": true,
            "license": "ISC"
        },
        "node_modules/lambdafs/node_modules/end-of-stream": {
            "version": "1.4.4",
            "inBundle": true,
            "license": "MIT",
            "dependencies": {
                "once": "^1.4.0"
            }
        },
        "node_modules/lambdafs/node_modules/fs-constants": {
            "version": "1.0.0",
            "inBundle": true,
            "license": "MIT"
        },
        "node_modules/lambdafs/node_modules/ieee754": {
            "version": "1.2.1",
            "funding": [
                {
                    "type": "github",
                    "url": "https://github.com/sponsors/feross"
                },
                {
                    "type": "patreon",
                    "url": "https://www.patreon.com/feross"
                },
                {
                    "type": "consulting",
                    "url": "https://feross.org/support"
                }
            ],
            "inBundle": true,
            "license": "BSD-3-Clause"
        },
        "node_modules/lambdafs/node_modules/inherits": {
            "version": "2.0.4",
            "inBundle": true,
            "license": "ISC"
        },
        "node_modules/lambdafs/node_modules/mkdirp-classic": {
            "version": "0.5.3",
            "inBundle": true,
            "license": "MIT"
        },
        "node_modules/lambdafs/node_modules/once": {
            "version": "1.4.0",
            "inBundle": true,
            "license": "ISC",
            "dependencies": {
                "wrappy": "1"
            }
        },
        "node_modules/lambdafs/node_modules/pump": {
            "version": "3.0.0",
            "inBundle": true,
            "license": "MIT",
            "dependencies": {
                "end-of-stream": "^1.1.0",
                "once": "^1.3.1"
            }
        },
        "node_modules/lambdafs/node_modules/string_decoder": {
            "version": "1.1.1",
            "inBundle": true,
            "license": "MIT",
            "dependencies": {
                "safe-buffer": "~5.1.0"
            }
        },
        "node_modules/lambdafs/node_modules/string_decoder/node_modules/safe-buffer": {
            "version": "5.1.2",
            "inBundle": true,
            "license": "MIT"
        },
        "node_modules/lambdafs/node_modules/tar-fs": {
            "version": "2.1.1",
            "inBundle": true,
            "license": "MIT",
            "dependencies": {
                "chownr": "^1.1.1",
                "mkdirp-classic": "^0.5.2",
                "pump": "^3.0.0",
                "tar-stream": "^2.1.4"
            }
        },
        "node_modules/lambdafs/node_modules/tar-stream": {
            "version": "2.2.0",
            "inBundle": true,
            "license": "MIT",
            "dependencies": {
                "bl": "^4.0.3",
                "end-of-stream": "^1.4.1",
                "fs-constants": "^1.0.0",
                "inherits": "^2.0.3",
                "readable-stream": "^3.1.1"
            },
            "engines": {
                "node": ">=6"
            }
        },
        "node_modules/lambdafs/node_modules/tar-stream/node_modules/readable-stream": {
            "version": "3.6.0",
            "inBundle": true,
            "license": "MIT",
            "dependencies": {
                "inherits": "^2.0.3",
                "string_decoder": "^1.1.1",
                "util-deprecate": "^1.0.1"
            },
            "engines": {
                "node": ">= 6"
            }
        },
        "node_modules/lambdafs/node_modules/util-deprecate": {
            "version": "1.0.2",
            "inBundle": true,
            "license": "MIT"
        },
        "node_modules/lambdafs/node_modules/wrappy": {
            "version": "1.0.2",
            "inBundle": true,
            "license": "ISC"
        },
        "node_modules/lie": {
            "version": "3.3.0",
            "resolved": "https://registry.npmjs.org/lie/-/lie-3.3.0.tgz",
            "integrity": "sha512-UaiMJzeWRlEujzAuw5LokY1L5ecNQYZKfmyZ9L7wDHb/p5etKaxXhohBcrw0EYby+G/NA52vRSN4N39dxHAIwQ==",
            "dependencies": {
                "immediate": "~3.0.5"
            }
        },
        "node_modules/lodash.assign": {
            "version": "4.2.0",
            "resolved": "https://registry.npmjs.org/lodash.assign/-/lodash.assign-4.2.0.tgz",
            "integrity": "sha512-hFuH8TY+Yji7Eja3mGiuAxBqLagejScbG8GbG0j6o9vzn0YL14My+ktnqtZgFTosKymC9/44wP6s7xyuLfnClw=="
        },
        "node_modules/logzio-nodejs": {
            "version": "2.1.5",
            "resolved": "https://registry.npmjs.org/logzio-nodejs/-/logzio-nodejs-2.1.5.tgz",
            "integrity": "sha512-tb+gEdMdpxlKfF9pOMrzo1cOj6m4fsyGVGFVAfsoyXGo+ETIUnWPmN8LRvD5BOWPOPaYZ7bBJAzc8oedTHYLiQ==",
            "dependencies": {
                "axios": "0.27.2",
                "json-stringify-safe": "5.0.1",
                "lodash.assign": "4.2.0",
                "moment": "2.29.4"
            },
            "engines": {
                "node": ">= 6.0.0"
            }
        },
        "node_modules/mime-db": {
            "version": "1.52.0",
            "resolved": "https://registry.npmjs.org/mime-db/-/mime-db-1.52.0.tgz",
            "integrity": "sha512-sPU4uV7dYlvtWJxwwxHD0PuihVNiE7TyAbQ5SWxDCB9mUYvOgroQOwYQQOKPJ8CIbE+1ETVlOoK1UC2nU3gYvg==",
            "engines": {
                "node": ">= 0.6"
            }
        },
        "node_modules/mime-types": {
            "version": "2.1.35",
            "resolved": "https://registry.npmjs.org/mime-types/-/mime-types-2.1.35.tgz",
            "integrity": "sha512-ZDY+bPm5zTTF+YpCrAU9nK0UgICYPT0QtT1NZWFv4s++TNkcgVaT0g6+4R2uI4MjQjzysHB1zxuWL50hzaeXiw==",
            "dependencies": {
                "mime-db": "1.52.0"
            },
            "engines": {
                "node": ">= 0.6"
            }
        },
        "node_modules/moment": {
            "version": "2.29.4",
            "resolved": "https://registry.npmjs.org/moment/-/moment-2.29.4.tgz",
            "integrity": "sha512-5LC9SOxjSc2HF6vO2CyuTDNivEdoz2IvyJJGj6X8DJ0eFyfszE0QiEd+iXmBvUP3WHxSjFH/vIsA0EN00cgr8w==",
            "engines": {
                "node": "*"
            }
        },
        "node_modules/ms": {
            "version": "2.1.3",
            "resolved": "https://registry.npmjs.org/ms/-/ms-2.1.3.tgz",
            "integrity": "sha512-6FlzubTLZG3J2a/NVCAleEhjzq5oxgHyaCU9yYXvcLsvoVaHJq/s5xXI6/XXP6tz7R9xAOtHnSO/tXtF3WRTlA=="
        },
        "node_modules/node-uuid": {
            "version": "1.4.8",
            "resolved": "https://registry.npmjs.org/node-uuid/-/node-uuid-1.4.8.tgz",
            "integrity": "sha512-TkCET/3rr9mUuRp+CpO7qfgT++aAxfDRaalQhwPFzI9BY/2rCDn6OfpZOVggi1AXfTPpfkTrg5f5WQx5G1uLxA==",
            "deprecated": "Use uuid module instead",
            "bin": {
                "uuid": "bin/uuid"
            }
        },
        "node_modules/pako": {
            "version": "1.0.11",
            "resolved": "https://registry.npmjs.org/pako/-/pako-1.0.11.tgz",
            "integrity": "sha512-4hLB8Py4zZce5s4yd9XzopqwVv/yGNhV1Bl8NTmCq1763HeK2+EwVTv+leGeL13Dnh2wfbqowVPXCIO0z4taYw=="
        },
        "node_modules/playwright": {
            "version": "1.30.0",
            "resolved": "https://registry.npmjs.org/playwright/-/playwright-1.30.0.tgz",
            "integrity": "sha512-ENbW5o75HYB3YhnMTKJLTErIBExrSlX2ZZ1C/FzmHjUYIfxj/UnI+DWpQr992m+OQVSg0rCExAOlRwB+x+yyIg==",
            "dev": true,
            "hasInstallScript": true,
            "dependencies": {
                "playwright-core": "1.30.0"
            },
            "bin": {
                "playwright": "cli.js"
            },
            "engines": {
                "node": ">=14"
            }
        },
        "node_modules/playwright-aws-lambda": {
            "version": "0.9.0",
            "resolved": "https://registry.npmjs.org/playwright-aws-lambda/-/playwright-aws-lambda-0.9.0.tgz",
            "integrity": "sha512-MnzLTZ4B9I4JdWJ+eq7BbrhFjL6VyT0bF+ccNjBCwjwlBNQaTEXOcrkAe+p8YkOXnYUqBbsrZj5Ene8PqKosiw==",
            "dependencies": {
                "lambdafs": "^2.1.1"
            },
            "engines": {
                "node": ">= 8.0.0"
            },
            "peerDependencies": {
                "playwright-core": "^1"
            }
        },
        "node_modules/playwright-chromium": {
            "version": "1.30.0",
            "resolved": "https://registry.npmjs.org/playwright-chromium/-/playwright-chromium-1.30.0.tgz",
            "integrity": "sha512-ZfqjYdFuxnZxK02mDZtHFK/Mi0+cjCVn51RmwLwLLHA8PkCExk0odmZH2REx+LjqX8tDLGnmf6vDnPAirdSY0g==",
            "hasInstallScript": true,
            "dependencies": {
                "playwright-core": "1.30.0"
            },
            "bin": {
                "playwright": "cli.js"
            },
            "engines": {
                "node": ">=14"
            }
        },
        "node_modules/playwright-core": {
            "version": "1.30.0",
            "resolved": "https://registry.npmjs.org/playwright-core/-/playwright-core-1.30.0.tgz",
            "integrity": "sha512-7AnRmTCf+GVYhHbLJsGUtskWTE33SwMZkybJ0v6rqR1boxq2x36U7p1vDRV7HO2IwTZgmycracLxPEJI49wu4g==",
            "bin": {
                "playwright": "cli.js"
            },
            "engines": {
                "node": ">=14"
            }
        },
        "node_modules/playwright-har": {
            "version": "0.1.1",
            "resolved": "https://registry.npmjs.org/playwright-har/-/playwright-har-0.1.1.tgz",
            "integrity": "sha512-CkNI1Jq1T4A4lsg+sRBZyW19uI8Lv6gGyBiRhkR7ckliyf90dId0P5yv5wA6jM0Pxp7TMPvuDFmQhQUScb+l3w==",
            "dependencies": {
                "chrome-har": "^0.11.12",
                "playwright-chromium": "^1.8.0"
            }
        },
        "node_modules/process-nextick-args": {
            "version": "2.0.1",
            "resolved": "https://registry.npmjs.org/process-nextick-args/-/process-nextick-args-2.0.1.tgz",
            "integrity": "sha512-3ouUOpQhtgrbOa17J7+uxOTpITYWaGP7/AhoR3+A+/1e9skrzelGi/dXzEYyvbxubEF6Wn2ypscTKiKJFFn1ag=="
        },
        "node_modules/psl": {
            "version": "1.9.0",
            "resolved": "https://registry.npmjs.org/psl/-/psl-1.9.0.tgz",
            "integrity": "sha512-E/ZsdU4HLs/68gYzgGTkMicWTLPdAftJLfJFlLUAAKZGkStNU72sZjT66SnMDVOfOWY/YAoiD7Jxa9iHvngcag=="
        },
        "node_modules/punycode": {
            "version": "2.3.0",
            "resolved": "https://registry.npmjs.org/punycode/-/punycode-2.3.0.tgz",
            "integrity": "sha512-rRV+zQD8tVFys26lAGR9WUuS4iUAngJScM+ZRSKtvl5tKeZ2t5bvdNFdNHBW9FWR4guGHlgmsZ1G7BSm2wTbuA==",
            "engines": {
                "node": ">=6"
            }
        },
        "node_modules/readable-stream": {
            "version": "2.3.7",
            "resolved": "https://registry.npmjs.org/readable-stream/-/readable-stream-2.3.7.tgz",
            "integrity": "sha512-Ebho8K4jIbHAxnuxi7o42OrZgF/ZTNcsZj6nRKyUmkhLFq8CHItp/fy6hQZuZmP/n3yZ9VBUbp4zz/mX8hmYPw==",
            "dependencies": {
                "core-util-is": "~1.0.0",
                "inherits": "~2.0.3",
                "isarray": "~1.0.0",
                "process-nextick-args": "~2.0.0",
                "safe-buffer": "~5.1.1",
                "string_decoder": "~1.1.1",
                "util-deprecate": "~1.0.1"
            }
        },
        "node_modules/safe-buffer": {
            "version": "5.1.2",
            "resolved": "https://registry.npmjs.org/safe-buffer/-/safe-buffer-5.1.2.tgz",
            "integrity": "sha512-Gd2UZBJDkXlY7GbJxfsE8/nvKkUEU1G38c1siN6QP6a9PT9MmHB8GnpscSmMJSoF8LOIrt8ud/wPtojys4G6+g=="
        },
        "node_modules/setimmediate": {
            "version": "1.0.5",
            "resolved": "https://registry.npmjs.org/setimmediate/-/setimmediate-1.0.5.tgz",
            "integrity": "sha512-MATJdZp8sLqDl/68LfQmbP8zKPLQNV6BIZoIgrscFDQ+RsvK/BxeDQOgyxKKoh0y/8h3BqVFnCqQ/gd+reiIXA=="
        },
        "node_modules/string_decoder": {
            "version": "1.1.1",
            "resolved": "https://registry.npmjs.org/string_decoder/-/string_decoder-1.1.1.tgz",
            "integrity": "sha512-n/ShnvDi6FHbbVfviro+WojiFzv+s8MPMHBczVePfUpDJLwoLT0ht1l4YwBCbi8pJAveEEdnkHyPyTP/mzRfwg==",
            "dependencies": {
                "safe-buffer": "~5.1.0"
            }
        },
        "node_modules/tough-cookie": {
            "version": "4.0.0",
            "resolved": "https://registry.npmjs.org/tough-cookie/-/tough-cookie-4.0.0.tgz",
            "integrity": "sha512-tHdtEpQCMrc1YLrMaqXXcj6AxhYi/xgit6mZu1+EDWUn+qhUf8wMQoFIy9NXuq23zAwtcB0t/MjACGR18pcRbg==",
            "dependencies": {
                "psl": "^1.1.33",
                "punycode": "^2.1.1",
                "universalify": "^0.1.2"
            },
            "engines": {
                "node": ">=6"
            }
        },
        "node_modules/universalify": {
            "version": "0.1.2",
            "resolved": "https://registry.npmjs.org/universalify/-/universalify-0.1.2.tgz",
            "integrity": "sha512-rBJeI5CXAlmy1pV+617WB9J63U6XcazHHF2f2dbJix4XzpUF0RS3Zbj0FGIOCAva5P/d/GBOYaACQ1w+0azUkg==",
            "engines": {
                "node": ">= 4.0.0"
            }
        },
        "node_modules/util-deprecate": {
            "version": "1.0.2",
            "resolved": "https://registry.npmjs.org/util-deprecate/-/util-deprecate-1.0.2.tgz",
            "integrity": "sha512-EPD5q1uXyFxJpCrLnCc1nHnq3gOa6DZBocAIiI2TaSCA7VCJ1UJDMagCzIkXNsUYfD1daK//LTEQ8xiIbrHtcw=="
        },
        "node_modules/uuid": {
            "version": "8.0.0",
            "resolved": "https://registry.npmjs.org/uuid/-/uuid-8.0.0.tgz",
            "integrity": "sha512-jOXGuXZAWdsTH7eZLtyXMqUb9EcWMGZNbL9YcGBJl4MH4nrxHmZJhEHvyLFrkxo+28uLb/NYRcStH48fnD0Vzw==",
            "bin": {
                "uuid": "dist/bin/uuid"
            }
        }
    },
    "dependencies": {
        "@menadevs/objectron": {
            "version": "0.1.14",
            "resolved": "https://registry.npmjs.org/@menadevs/objectron/-/objectron-0.1.14.tgz",
            "integrity": "sha512-zgi0DJtaxNjiWZjWxOTidwiRrOL0ZTniNekmllPzfR62WaIj446yBdheUnYMs3cH4Ow0om+cOY5cxXb7WbZe7Q=="
        },
        "asynckit": {
            "version": "0.4.0",
            "resolved": "https://registry.npmjs.org/asynckit/-/asynckit-0.4.0.tgz",
            "integrity": "sha512-Oei9OH4tRh0YqU3GxhX79dM/mwVgvbZJaSNaRk+bshkj0S5cfHcgYakreBjrHwatXKbz+IoIdYLxrKim2MjW0Q=="
        },
        "axios": {
            "version": "0.27.2",
            "resolved": "https://registry.npmjs.org/axios/-/axios-0.27.2.tgz",
            "integrity": "sha512-t+yRIyySRTp/wua5xEr+z1q60QmLq8ABsS5O9Me1AsE5dfKqgnCFzwiCZZ/cGNd1lq4/7akDWMxdhVlucjmnOQ==",
            "requires": {
                "follow-redirects": "^1.14.9",
                "form-data": "^4.0.0"
            }
        },
        "chrome-har": {
            "version": "0.11.12",
            "resolved": "https://registry.npmjs.org/chrome-har/-/chrome-har-0.11.12.tgz",
            "integrity": "sha512-Fi/YCoUHjQMQC0sPKCdiuGVbApeEwIUNvISrlwZgbuUcxfHJA6MjD4RsIH/YSOAo/Z3ENiF+xaEpsdqqdETIjg==",
            "requires": {
                "dayjs": "1.8.31",
                "debug": "4.1.1",
                "tough-cookie": "4.0.0",
                "uuid": "8.0.0"
            }
        },
        "combined-stream": {
            "version": "1.0.8",
            "resolved": "https://registry.npmjs.org/combined-stream/-/combined-stream-1.0.8.tgz",
            "integrity": "sha512-FQN4MRfuJeHf7cBbBMJFXhKSDq+2kAArBlmRBvcvFE5BB1HZKXtSFASDhdlz9zOYwxh8lDdnvmMOe/+5cdoEdg==",
            "requires": {
                "delayed-stream": "~1.0.0"
            }
        },
        "core-util-is": {
            "version": "1.0.3",
            "resolved": "https://registry.npmjs.org/core-util-is/-/core-util-is-1.0.3.tgz",
            "integrity": "sha512-ZQBvi1DcpJ4GDqanjucZ2Hj3wEO5pZDS89BWbkcrvdxksJorwUDDZamX9ldFkp9aw2lmBDLgkObEA4DWNJ9FYQ=="
        },
        "crypto": {
            "version": "1.0.1",
            "resolved": "https://registry.npmjs.org/crypto/-/crypto-1.0.1.tgz",
            "integrity": "sha512-VxBKmeNcqQdiUQUW2Tzq0t377b54N2bMtXO/qiLa+6eRRmmC4qT3D4OnTGoT/U6O9aklQ/jTwbOtRMTTY8G0Ig=="
        },
        "dayjs": {
            "version": "1.8.31",
            "resolved": "https://registry.npmjs.org/dayjs/-/dayjs-1.8.31.tgz",
            "integrity": "sha512-mPh1mslned+5PuIuiUfbw4CikHk6AEAf2Baxih+wP5fssv+wmlVhvgZ7mq+BhLt7Sr/Hc8leWDiwe6YnrpNt3g=="
        },
        "debug": {
            "version": "4.1.1",
            "resolved": "https://registry.npmjs.org/debug/-/debug-4.1.1.tgz",
            "integrity": "sha512-pYAIzeRo8J6KPEaJ0VWOh5Pzkbw/RetuzehGM7QRRX5he4fPHx2rdKMB256ehJCkX+XRQm16eZLqLNS8RSZXZw==",
            "requires": {
                "ms": "^2.1.1"
            }
        },
        "delayed-stream": {
            "version": "1.0.0",
            "resolved": "https://registry.npmjs.org/delayed-stream/-/delayed-stream-1.0.0.tgz",
            "integrity": "sha512-ZySD7Nf91aLB0RxL4KGrKHBXl7Eds1DAmEdcoVawXnLD7SDhpNgtuII2aAkg7a7QS41jxPSZ17p4VdGnMHk3MQ=="
        },
        "dotenv": {
            "version": "16.0.3",
            "resolved": "https://registry.npmjs.org/dotenv/-/dotenv-16.0.3.tgz",
            "integrity": "sha512-7GO6HghkA5fYG9TYnNxi14/7K9f5occMlp3zXAuSxn7CKCxt9xbNWG7yF8hTCSUchlfWSe3uLmlPfigevRItzQ=="
        },
        "follow-redirects": {
            "version": "1.15.2",
            "resolved": "https://registry.npmjs.org/follow-redirects/-/follow-redirects-1.15.2.tgz",
            "integrity": "sha512-VQLG33o04KaQ8uYi2tVNbdrWp1QWxNNea+nmIB4EVM28v0hmP17z7aG1+wAkNzVq4KeXTq3221ye5qTJP91JwA=="
        },
        "form-data": {
            "version": "4.0.0",
            "resolved": "https://registry.npmjs.org/form-data/-/form-data-4.0.0.tgz",
            "integrity": "sha512-ETEklSGi5t0QMZuiXoA/Q6vcnxcLQP5vdugSpuAyi6SVGi2clPPp+xgEhuMaHC+zGgn31Kd235W35f7Hykkaww==",
            "requires": {
                "asynckit": "^0.4.0",
                "combined-stream": "^1.0.8",
                "mime-types": "^2.1.12"
            }
        },
        "immediate": {
            "version": "3.0.6",
            "resolved": "https://registry.npmjs.org/immediate/-/immediate-3.0.6.tgz",
            "integrity": "sha512-XXOFtyqDjNDAQxVfYxuF7g9Il/IbWmmlQg2MYKOH8ExIT1qg6xc4zyS3HaEEATgs1btfzxq15ciUiY7gjSXRGQ=="
        },
        "inherits": {
            "version": "2.0.4",
            "resolved": "https://registry.npmjs.org/inherits/-/inherits-2.0.4.tgz",
            "integrity": "sha512-k/vGaX4/Yla3WzyMCvTQOXYeIHvqOKtnqBduzTHpzpQZzAskKMhZ2K+EnBiSM9zGSoIFeMpXKxa4dYeZIQqewQ=="
        },
        "isarray": {
            "version": "1.0.0",
            "resolved": "https://registry.npmjs.org/isarray/-/isarray-1.0.0.tgz",
            "integrity": "sha512-VLghIWNM6ELQzo7zwmcg0NmTVyWKYjvIeM83yjp0wRDTmUnrM678fQbcKBo6n2CJEF0szoG//ytg+TKla89ALQ=="
        },
        "json-stringify-safe": {
            "version": "5.0.1",
            "resolved": "https://registry.npmjs.org/json-stringify-safe/-/json-stringify-safe-5.0.1.tgz",
            "integrity": "sha512-ZClg6AaYvamvYEE82d3Iyd3vSSIjQ+odgjaTzRuO3s7toCdFKczob2i0zCh7JE8kWn17yvAWhUVxvqGwUalsRA=="
        },
        "jszip": {
            "version": "3.10.1",
            "resolved": "https://registry.npmjs.org/jszip/-/jszip-3.10.1.tgz",
            "integrity": "sha512-xXDvecyTpGLrqFrvkrUSoxxfJI5AH7U8zxxtVclpsUtMCq4JQ290LY8AW5c7Ggnr/Y/oK+bQMbqK2qmtk3pN4g==",
            "requires": {
                "lie": "~3.3.0",
                "pako": "~1.0.2",
                "readable-stream": "~2.3.6",
                "setimmediate": "^1.0.5"
            }
        },
        "lambdafs": {
            "version": "2.1.1",
            "resolved": "https://registry.npmjs.org/lambdafs/-/lambdafs-2.1.1.tgz",
            "integrity": "sha512-x5k8JcoJWkWLvCVBzrl4pzvkEHSgSBqFjg3Dpsc4AcTMq7oUMym4cL/gRTZ6VM4mUMY+M0dIbQ+V1c1tsqqanQ==",
            "requires": {
                "tar-fs": "*"
            },
            "dependencies": {
                "base64-js": {
                    "version": "1.5.1",
                    "bundled": true
                },
                "bl": {
                    "version": "4.1.0",
                    "bundled": true,
                    "requires": {
                        "buffer": "^5.5.0",
                        "inherits": "^2.0.4",
                        "readable-stream": "^3.4.0"
                    },
                    "dependencies": {
                        "readable-stream": {
                            "version": "3.6.0",
                            "bundled": true,
                            "requires": {
                                "inherits": "^2.0.3",
                                "string_decoder": "^1.1.1",
                                "util-deprecate": "^1.0.1"
                            }
                        }
                    }
                },
                "buffer": {
                    "version": "5.7.1",
                    "bundled": true,
                    "requires": {
                        "base64-js": "^1.3.1",
                        "ieee754": "^1.1.13"
                    }
                },
                "chownr": {
                    "version": "1.1.4",
                    "bundled": true
                },
                "end-of-stream": {
                    "version": "1.4.4",
                    "bundled": true,
                    "requires": {
                        "once": "^1.4.0"
                    }
                },
                "fs-constants": {
                    "version": "1.0.0",
                    "bundled": true
                },
                "ieee754": {
                    "version": "1.2.1",
                    "bundled": true
                },
                "inherits": {
                    "version": "2.0.4",
                    "bundled": true
                },
                "mkdirp-classic": {
                    "version": "0.5.3",
                    "bundled": true
                },
                "once": {
                    "version": "1.4.0",
                    "bundled": true,
                    "requires": {
                        "wrappy": "1"
                    }
                },
                "pump": {
                    "version": "3.0.0",
                    "bundled": true,
                    "requires": {
                        "end-of-stream": "^1.1.0",
                        "once": "^1.3.1"
                    }
                },
                "string_decoder": {
                    "version": "1.1.1",
                    "bundled": true,
                    "requires": {
                        "safe-buffer": "~5.1.0"
                    },
                    "dependencies": {
                        "safe-buffer": {
                            "version": "5.1.2",
                            "bundled": true
                        }
                    }
                },
                "tar-fs": {
                    "version": "2.1.1",
                    "bundled": true,
                    "requires": {
                        "chownr": "^1.1.1",
                        "mkdirp-classic": "^0.5.2",
                        "pump": "^3.0.0",
                        "tar-stream": "^2.1.4"
                    }
                },
                "tar-stream": {
                    "version": "2.2.0",
                    "bundled": true,
                    "requires": {
                        "bl": "^4.0.3",
                        "end-of-stream": "^1.4.1",
                        "fs-constants": "^1.0.0",
                        "inherits": "^2.0.3",
                        "readable-stream": "^3.1.1"
                    },
                    "dependencies": {
                        "readable-stream": {
                            "version": "3.6.0",
                            "bundled": true,
                            "requires": {
                                "inherits": "^2.0.3",
                                "string_decoder": "^1.1.1",
                                "util-deprecate": "^1.0.1"
                            }
                        }
                    }
                },
                "util-deprecate": {
                    "version": "1.0.2",
                    "bundled": true
                },
                "wrappy": {
                    "version": "1.0.2",
                    "bundled": true
                }
            }
        },
        "lie": {
            "version": "3.3.0",
            "resolved": "https://registry.npmjs.org/lie/-/lie-3.3.0.tgz",
            "integrity": "sha512-UaiMJzeWRlEujzAuw5LokY1L5ecNQYZKfmyZ9L7wDHb/p5etKaxXhohBcrw0EYby+G/NA52vRSN4N39dxHAIwQ==",
            "requires": {
                "immediate": "~3.0.5"
            }
        },
        "lodash.assign": {
            "version": "4.2.0",
            "resolved": "https://registry.npmjs.org/lodash.assign/-/lodash.assign-4.2.0.tgz",
            "integrity": "sha512-hFuH8TY+Yji7Eja3mGiuAxBqLagejScbG8GbG0j6o9vzn0YL14My+ktnqtZgFTosKymC9/44wP6s7xyuLfnClw=="
        },
        "logzio-nodejs": {
            "version": "2.1.5",
            "resolved": "https://registry.npmjs.org/logzio-nodejs/-/logzio-nodejs-2.1.5.tgz",
            "integrity": "sha512-tb+gEdMdpxlKfF9pOMrzo1cOj6m4fsyGVGFVAfsoyXGo+ETIUnWPmN8LRvD5BOWPOPaYZ7bBJAzc8oedTHYLiQ==",
            "requires": {
                "axios": "0.27.2",
                "json-stringify-safe": "5.0.1",
                "lodash.assign": "4.2.0",
                "moment": "2.29.4"
            }
        },
        "mime-db": {
            "version": "1.52.0",
            "resolved": "https://registry.npmjs.org/mime-db/-/mime-db-1.52.0.tgz",
            "integrity": "sha512-sPU4uV7dYlvtWJxwwxHD0PuihVNiE7TyAbQ5SWxDCB9mUYvOgroQOwYQQOKPJ8CIbE+1ETVlOoK1UC2nU3gYvg=="
        },
        "mime-types": {
            "version": "2.1.35",
            "resolved": "https://registry.npmjs.org/mime-types/-/mime-types-2.1.35.tgz",
            "integrity": "sha512-ZDY+bPm5zTTF+YpCrAU9nK0UgICYPT0QtT1NZWFv4s++TNkcgVaT0g6+4R2uI4MjQjzysHB1zxuWL50hzaeXiw==",
            "requires": {
                "mime-db": "1.52.0"
            }
        },
        "moment": {
            "version": "2.29.4",
            "resolved": "https://registry.npmjs.org/moment/-/moment-2.29.4.tgz",
            "integrity": "sha512-5LC9SOxjSc2HF6vO2CyuTDNivEdoz2IvyJJGj6X8DJ0eFyfszE0QiEd+iXmBvUP3WHxSjFH/vIsA0EN00cgr8w=="
        },
        "ms": {
            "version": "2.1.3",
            "resolved": "https://registry.npmjs.org/ms/-/ms-2.1.3.tgz",
            "integrity": "sha512-6FlzubTLZG3J2a/NVCAleEhjzq5oxgHyaCU9yYXvcLsvoVaHJq/s5xXI6/XXP6tz7R9xAOtHnSO/tXtF3WRTlA=="
        },
        "node-uuid": {
            "version": "1.4.8",
            "resolved": "https://registry.npmjs.org/node-uuid/-/node-uuid-1.4.8.tgz",
            "integrity": "sha512-TkCET/3rr9mUuRp+CpO7qfgT++aAxfDRaalQhwPFzI9BY/2rCDn6OfpZOVggi1AXfTPpfkTrg5f5WQx5G1uLxA=="
        },
        "pako": {
            "version": "1.0.11",
            "resolved": "https://registry.npmjs.org/pako/-/pako-1.0.11.tgz",
            "integrity": "sha512-4hLB8Py4zZce5s4yd9XzopqwVv/yGNhV1Bl8NTmCq1763HeK2+EwVTv+leGeL13Dnh2wfbqowVPXCIO0z4taYw=="
        },
        "playwright": {
            "version": "1.30.0",
            "resolved": "https://registry.npmjs.org/playwright/-/playwright-1.30.0.tgz",
            "integrity": "sha512-ENbW5o75HYB3YhnMTKJLTErIBExrSlX2ZZ1C/FzmHjUYIfxj/UnI+DWpQr992m+OQVSg0rCExAOlRwB+x+yyIg==",
            "dev": true,
            "requires": {
                "playwright-core": "1.30.0"
            }
        },
        "playwright-aws-lambda": {
            "version": "0.9.0",
            "resolved": "https://registry.npmjs.org/playwright-aws-lambda/-/playwright-aws-lambda-0.9.0.tgz",
            "integrity": "sha512-MnzLTZ4B9I4JdWJ+eq7BbrhFjL6VyT0bF+ccNjBCwjwlBNQaTEXOcrkAe+p8YkOXnYUqBbsrZj5Ene8PqKosiw==",
            "requires": {
                "lambdafs": "^2.1.1"
            }
        },
        "playwright-chromium": {
            "version": "1.30.0",
            "resolved": "https://registry.npmjs.org/playwright-chromium/-/playwright-chromium-1.30.0.tgz",
            "integrity": "sha512-ZfqjYdFuxnZxK02mDZtHFK/Mi0+cjCVn51RmwLwLLHA8PkCExk0odmZH2REx+LjqX8tDLGnmf6vDnPAirdSY0g==",
            "requires": {
                "playwright-core": "1.30.0"
            }
        },
        "playwright-core": {
            "version": "1.30.0",
            "resolved": "https://registry.npmjs.org/playwright-core/-/playwright-core-1.30.0.tgz",
            "integrity": "sha512-7AnRmTCf+GVYhHbLJsGUtskWTE33SwMZkybJ0v6rqR1boxq2x36U7p1vDRV7HO2IwTZgmycracLxPEJI49wu4g=="
        },
        "playwright-har": {
            "version": "0.1.1",
            "resolved": "https://registry.npmjs.org/playwright-har/-/playwright-har-0.1.1.tgz",
            "integrity": "sha512-CkNI1Jq1T4A4lsg+sRBZyW19uI8Lv6gGyBiRhkR7ckliyf90dId0P5yv5wA6jM0Pxp7TMPvuDFmQhQUScb+l3w==",
            "requires": {
                "chrome-har": "^0.11.12",
                "playwright-chromium": "^1.8.0"
            }
        },
        "process-nextick-args": {
            "version": "2.0.1",
            "resolved": "https://registry.npmjs.org/process-nextick-args/-/process-nextick-args-2.0.1.tgz",
            "integrity": "sha512-3ouUOpQhtgrbOa17J7+uxOTpITYWaGP7/AhoR3+A+/1e9skrzelGi/dXzEYyvbxubEF6Wn2ypscTKiKJFFn1ag=="
        },
        "psl": {
            "version": "1.9.0",
            "resolved": "https://registry.npmjs.org/psl/-/psl-1.9.0.tgz",
            "integrity": "sha512-E/ZsdU4HLs/68gYzgGTkMicWTLPdAftJLfJFlLUAAKZGkStNU72sZjT66SnMDVOfOWY/YAoiD7Jxa9iHvngcag=="
        },
        "punycode": {
            "version": "2.3.0",
            "resolved": "https://registry.npmjs.org/punycode/-/punycode-2.3.0.tgz",
            "integrity": "sha512-rRV+zQD8tVFys26lAGR9WUuS4iUAngJScM+ZRSKtvl5tKeZ2t5bvdNFdNHBW9FWR4guGHlgmsZ1G7BSm2wTbuA=="
        },
        "readable-stream": {
            "version": "2.3.7",
            "resolved": "https://registry.npmjs.org/readable-stream/-/readable-stream-2.3.7.tgz",
            "integrity": "sha512-Ebho8K4jIbHAxnuxi7o42OrZgF/ZTNcsZj6nRKyUmkhLFq8CHItp/fy6hQZuZmP/n3yZ9VBUbp4zz/mX8hmYPw==",
            "requires": {
                "core-util-is": "~1.0.0",
                "inherits": "~2.0.3",
                "isarray": "~1.0.0",
                "process-nextick-args": "~2.0.0",
                "safe-buffer": "~5.1.1",
                "string_decoder": "~1.1.1",
                "util-deprecate": "~1.0.1"
            }
        },
        "safe-buffer": {
            "version": "5.1.2",
            "resolved": "https://registry.npmjs.org/safe-buffer/-/safe-buffer-5.1.2.tgz",
            "integrity": "sha512-Gd2UZBJDkXlY7GbJxfsE8/nvKkUEU1G38c1siN6QP6a9PT9MmHB8GnpscSmMJSoF8LOIrt8ud/wPtojys4G6+g=="
        },
        "setimmediate": {
            "version": "1.0.5",
            "resolved": "https://registry.npmjs.org/setimmediate/-/setimmediate-1.0.5.tgz",
            "integrity": "sha512-MATJdZp8sLqDl/68LfQmbP8zKPLQNV6BIZoIgrscFDQ+RsvK/BxeDQOgyxKKoh0y/8h3BqVFnCqQ/gd+reiIXA=="
        },
        "string_decoder": {
            "version": "1.1.1",
            "resolved": "https://registry.npmjs.org/string_decoder/-/string_decoder-1.1.1.tgz",
            "integrity": "sha512-n/ShnvDi6FHbbVfviro+WojiFzv+s8MPMHBczVePfUpDJLwoLT0ht1l4YwBCbi8pJAveEEdnkHyPyTP/mzRfwg==",
            "requires": {
                "safe-buffer": "~5.1.0"
            }
        },
        "tough-cookie": {
            "version": "4.0.0",
            "resolved": "https://registry.npmjs.org/tough-cookie/-/tough-cookie-4.0.0.tgz",
            "integrity": "sha512-tHdtEpQCMrc1YLrMaqXXcj6AxhYi/xgit6mZu1+EDWUn+qhUf8wMQoFIy9NXuq23zAwtcB0t/MjACGR18pcRbg==",
            "requires": {
                "psl": "^1.1.33",
                "punycode": "^2.1.1",
                "universalify": "^0.1.2"
            }
        },
        "universalify": {
            "version": "0.1.2",
            "resolved": "https://registry.npmjs.org/universalify/-/universalify-0.1.2.tgz",
            "integrity": "sha512-rBJeI5CXAlmy1pV+617WB9J63U6XcazHHF2f2dbJix4XzpUF0RS3Zbj0FGIOCAva5P/d/GBOYaACQ1w+0azUkg=="
        },
        "util-deprecate": {
            "version": "1.0.2",
            "resolved": "https://registry.npmjs.org/util-deprecate/-/util-deprecate-1.0.2.tgz",
            "integrity": "sha512-EPD5q1uXyFxJpCrLnCc1nHnq3gOa6DZBocAIiI2TaSCA7VCJ1UJDMagCzIkXNsUYfD1daK//LTEQ8xiIbrHtcw=="
        },
        "uuid": {
            "version": "8.0.0",
            "resolved": "https://registry.npmjs.org/uuid/-/uuid-8.0.0.tgz",
            "integrity": "sha512-jOXGuXZAWdsTH7eZLtyXMqUb9EcWMGZNbL9YcGBJl4MH4nrxHmZJhEHvyLFrkxo+28uLb/NYRcStH48fnD0Vzw=="
        }
    }
}
